
Microsoft Visual Studio Solution File, Format Version 12.00
# Visual Studio Version 16
VisualStudioVersion = 16.0.31729.503
MinimumVisualStudioVersion = 10.0.40219.1
Project("{FAE04EC0-301F-11D3-BF4B-00C04F79EFBC}") = "FundooNotes", "FundooNotes\FundooNotes.csproj", "{FBF316F6-56BC-438E-8AC9-E0FE598F4A69}"
EndProject
Project("{FAE04EC0-301F-11D3-BF4B-00C04F79EFBC}") = "FundooManager", "FundooManager\FundooManager.csproj", "{B88EAB63-D650-4728-B152-D28B28BF1C3E}"
EndProject
Project("{FAE04EC0-301F-11D3-BF4B-00C04F79EFBC}") = "FundooRepository", "FundooRepository\FundooRepository.csproj", "{C1483894-B43F-49CE-9014-AF70272B9DB8}"
EndProject
Project("{FAE04EC0-301F-11D3-BF4B-00C04F79EFBC}") = "FundooModels", "FundooModels\FundooModels.csproj", "{45E786BF-A7B5-43AA-94EF-A59E5F4A09E3}"
EndProject
Global
	GlobalSection(SolutionConfigurationPlatforms) = preSolution
		Debug|Any CPU = Debug|Any CPU
		Release|Any CPU = Release|Any CPU
	EndGlobalSection
	GlobalSection(ProjectConfigurationPlatforms) = postSolution
		{FBF316F6-56BC-438E-8AC9-E0FE598F4A69}.Debug|Any CPU.ActiveCfg = Debug|Any CPU
		{FBF316F6-56BC-438E-8AC9-E0FE598F4A69}.Debug|Any CPU.Build.0 = Debug|Any CPU
		{FBF316F6-56BC-438E-8AC9-E0FE598F4A69}.Release|Any CPU.ActiveCfg = Release|Any CPU
		{FBF316F6-56BC-438E-8AC9-E0FE598F4A69}.Release|Any CPU.Build.0 = Release|Any CPU
		{B88EAB63-D650-4728-B152-D28B28BF1C3E}.Debug|Any CPU.ActiveCfg = Debug|Any CPU
		{B88EAB63-D650-4728-B152-D28B28BF1C3E}.Debug|Any CPU.Build.0 = Debug|Any CPU
		{B88EAB63-D650-4728-B152-D28B28BF1C3E}.Release|Any CPU.ActiveCfg = Release|Any CPU
		{B88EAB63-D650-4728-B152-D28B28BF1C3E}.Release|Any CPU.Build.0 = Release|Any CPU
		{C1483894-B43F-49CE-9014-AF70272B9DB8}.Debug|Any CPU.ActiveCfg = Debug|Any CPU
		{C1483894-B43F-49CE-9014-AF70272B9DB8}.Debug|Any CPU.Build.0 = Debug|Any CPU
		{C1483894-B43F-49CE-9014-AF70272B9DB8}.Release|Any CPU.ActiveCfg = Release|Any CPU
		{C1483894-B43F-49CE-9014-AF70272B9DB8}.Release|Any CPU.Build.0 = Release|Any CPU
		{45E786BF-A7B5-43AA-94EF-A59E5F4A09E3}.Debug|Any CPU.ActiveCfg = Debug|Any CPU
		{45E786BF-A7B5-43AA-94EF-A59E5F4A09E3}.Debug|Any CPU.Build.0 = Debug|Any CPU
		{45E786BF-A7B5-43AA-94EF-A59E5F4A09E3}.Release|Any CPU.ActiveCfg = Release|Any CPU
		{45E786BF-A7B5-43AA-94EF-A59E5F4A09E3}.Release|Any CPU.Build.0 = Release|Any CPU
	EndGlobalSection
	GlobalSection(SolutionProperties) = preSolution
		HideSolutionNode = FALSE
	EndGlobalSection
	GlobalSection(ExtensibilityGlobals) = postSolution
		SolutionGuid = {C4EE5E24-37E6-4A54-8E07-F3E6CBDEA565}
	EndGlobalSection
EndGlobal
